{
  "source_commit": "935b6e19bae256b83b1fc43d69cb377d3da0aa76",
  "working_tree_dirty": true,
  "generated_at": "2026-08-31T08:00:00Z",
  "scanned_scope": [
    "."
  ],
  "excluded_directories": [
    ".agents",
    ".cache",
    ".git",
    ".hg",
    ".next",
    ".nuxt",
    ".obsidian",
    ".svn",
    ".turbo",
    ".venv",
    ".vscode",
    "__pycache__",
    "build",
    "coverage",
    "dist",
    "docs/codemap",
    "generated",
    "node_modules",
    "out",
    "target",
    "vendor",
    "venv"
  ],
  "fingerprint_algorithm": "sha256-path-content-v2",
  "modules": [
    {
      "id": ".",
      "path": ".",
      "file_count": 13,
      "fingerprint": "b042a78dd2bc5fc10e865feada0b4d2a5d277b3835dc026810dbdb9d6e8cdd71"
    },
    {
      "id": ".github",
      "path": ".github",
      "file_count": 1,
      "fingerprint": "0ff6a287b36eb682c3cfb7d63bd887f3ec3dc4f9e80c5d9ed6c129ccfb849d48"
    },
    {
      "id": "docs",
      "path": "docs",
      "file_count": 5,
      "fingerprint": "d6bb1c7391f5dc9a1262c5d40504af307eb9bae44d6dceecc9bdc609e1164c97"
    },
    {
      "id": "media",
      "path": "media",
      "file_count": 6,
      "fingerprint": "acbec245fafb8d74f51089d4d5951e1ba283c5156934fed2d317038efa1dafb9"
    },
    {
      "id": "scripts",
      "path": "scripts",
      "file_count": 1,
      "fingerprint": "18d34a5b0d01c128a30e549e1b30d97525daa9c48e84c7c5e63bdbe5ecbd7e28"
    },
    {
      "id": "src",
      "path": "src",
      "file_count": 20,
      "fingerprint": "0dc65fbc8fd890abbe30c2362f52a4b32f2eb6bb18adebac8fdddaed74db4796"
    },
    {
      "id": "test-workspace",
      "path": "test-workspace",
      "file_count": 1,
      "fingerprint": "017f97941f578e8fdc63e4acba90a9f45f024201fa29214e668e425d4c9e4827"
    }
  ]
}
