{
  "source_commit": "c9bb84f5d9a321112f46fbc73fdf340572d9f61b",
  "working_tree_dirty": true,
  "generated_at": "2026-09-05T04:45:27Z",
  "scanned_scope": [
    "."
  ],
  "excluded_directories": [
    ".agents",
    ".cache",
    ".git",
    ".hg",
    ".next",
    ".nuxt",
    ".obsidian",
    ".svn",
    ".turbo",
    ".venv",
    ".vscode",
    "__pycache__",
    "build",
    "coverage",
    "dist",
    "docs/codemap",
    "generated",
    "node_modules",
    "out",
    "target",
    "vendor",
    "venv"
  ],
  "fingerprint_algorithm": "sha256-path-content-v2",
  "modules": [
    {
      "id": ".",
      "path": ".",
      "file_count": 14,
      "fingerprint": "113a25e8fa066edccc28695a6599a55cc038bbc357362aa0da8a08bde1398f8f"
    },
    {
      "id": ".github",
      "path": ".github",
      "file_count": 2,
      "fingerprint": "2568b223ad92ba3dbdb7ee26f8c4fd924faf451e79b9b6307d7cfd33b44f5b3e"
    },
    {
      "id": "docs",
      "path": "docs",
      "file_count": 15,
      "fingerprint": "3f8e054b07f30be2c30db7a70c8e0692e3526136ad025fd158b7754470352d70"
    },
    {
      "id": "media",
      "path": "media",
      "file_count": 6,
      "fingerprint": "ee4daf3a77fe9449f61dc020729e71002537fa778efe297a31091405b38c1b4d"
    },
    {
      "id": "scripts",
      "path": "scripts",
      "file_count": 7,
      "fingerprint": "672fca48c46e057a384d52d4f593ee12b3ca0530c463a48f310b3154ab154db1"
    },
    {
      "id": "src",
      "path": "src",
      "file_count": 36,
      "fingerprint": "2eb8f19f10ce5648eb2b41d6c2a42984bd3f4306d24cba6098f4d1d4a1ab4f78"
    },
    {
      "id": "test",
      "path": "test",
      "file_count": 4,
      "fingerprint": "7a9353e2a4e877d120386bfc7af5369d5769d91ce6edf2c045add5a5482fd466"
    },
    {
      "id": "test-workspace",
      "path": "test-workspace",
      "file_count": 1,
      "fingerprint": "017f97941f578e8fdc63e4acba90a9f45f024201fa29214e668e425d4c9e4827"
    }
  ]
}
